{
  "version": 4,
  "terraform_version": "1.13.5",
  "serial": 9,
  "lineage": "b3f6d65e-ffb8-b182-0995-94043751d3e0",
  "outputs": {},
  "resources": [
    {
      "mode": "managed",
      "type": "aws_internet_gateway",
      "name": "main",
      "provider": "provider[\"registry.terraform.io/hashicorp/aws\"]",
      "instances": [
        {
          "schema_version": 0,
          "attributes": {
            "arn": "arn:aws:ec2:us-east-1:854551250341:internet-gateway/igw-0260a60336cfcb936",
            "id": "igw-0260a60336cfcb936",
            "owner_id": "854551250341",
            "region": "us-east-1",
            "tags": {
              "Name": "expense-tracker-igw"
            },
            "tags_all": {
              "Name": "expense-tracker-igw"
            },
            "timeouts": null,
            "vpc_id": "vpc-0adcf71a56be68fad"
          },
          "sensitive_attributes": [],
          "identity_schema_version": 0,
          "private": "eyJlMmJmYjczMC1lY2FhLTExZTYtOGY4OC0zNDM2M2JjN2M0YzAiOnsiY3JlYXRlIjoxMjAwMDAwMDAwMDAwLCJkZWxldGUiOjEyMDAwMDAwMDAwMDAsInVwZGF0ZSI6MTIwMDAwMDAwMDAwMH19",
          "dependencies": [
            "aws_vpc.main"
          ]
        }
      ]
    },
    {
      "mode": "managed",
      "type": "aws_key_pair",
      "name": "deployer",
      "provider": "provider[\"registry.terraform.io/hashicorp/aws\"]",
      "instances": [
        {
          "schema_version": 1,
          "attributes": {
            "arn": "arn:aws:ec2:us-east-1:854551250341:key-pair/expense-tracker-key",
            "fingerprint": "5d:c0:ec:57:d4:52:e8:1e:36:10:cf:a6:ef:40:13:84",
            "id": "expense-tracker-key",
            "key_name": "expense-tracker-key",
            "key_name_prefix": "",
            "key_pair_id": "key-0dd281c39b6f9664a",
            "key_type": "rsa",
            "public_key": "ssh-rsa AAAAB3NzaC1yc2EAAAADAQABAAACAQCo1lCsZSOl9AAwBZt0rKyOMwClZ0B2C/vKSQCJIpYBg9SlBWpfkLd697+UlW9XFIiB77stJvPDp9x7YTSd+whw6ubs52XtsozOrx0aieVv/+0WgZ8ywn2tSayI/GqTt9IT5nyIc/bFbj7vas/ZygOojWAA5SWO+GVLutRuCXa77ki/h6xc+eySswtoQSanZV9fAVy1HrDNb4ufFrOKfy+cDjLpUIbto9nOwibpa6U3HtkV2FMJod1PInPmZg7ITr0mn/2AWE2+seQ2GFKMMJGDQCp6uQAWTVHMsQG/djhmO3Z0uu9QBABscw/Cgaidb0lzjER9ytO+TgWoUjNHIZ8Dp4iNCDuc0WdzEOjSgucfjGgWKMnl3GgNFhyXUPZ/g62lD9yEBZFbSjhhfoBv/gS8SM6Kw3wiHO+oXjiqqfN0MOOpe4JWKcKdaqbHYLPcKez3Pljgwr1nA2ZNdtx1iOijQPyq9y33PeurleHgDuhyhR6jZH7wElPw16+i6QSO2zM7/MghcLOzZ+zgY0kiEY2N06MubRX+G82p52CJkVrsKd6LrAbA0N88p1ttdH2d5VJ5vLr2E+/Pc+/QjXuDygRQ7ie7zhk1CtZki4UHdrRhRXAh2tgvvceBNW7UHwCtoBBbg+ACzfz20+4yj185+nYQRhKGm+K/ynUEQIMygfk5IQ== maheesha@MIHIRAN-pc",
            "region": "us-east-1",
            "tags": {
              "Name": "expense-tracker-key"
            },
            "tags_all": {
              "Name": "expense-tracker-key"
            }
          },
          "sensitive_attributes": [],
          "identity_schema_version": 0,
          "private": "eyJzY2hlbWFfdmVyc2lvbiI6IjEifQ=="
        }
      ]
    },
    {
      "mode": "managed",
      "type": "aws_route_table",
      "name": "public",
      "provider": "provider[\"registry.terraform.io/hashicorp/aws\"]",
      "instances": [
        {
          "schema_version": 0,
          "attributes": {
            "arn": "arn:aws:ec2:us-east-1:854551250341:route-table/rtb-03201499efc7d8af3",
            "id": "rtb-03201499efc7d8af3",
            "owner_id": "854551250341",
            "propagating_vgws": [],
            "region": "us-east-1",
            "route": [
              {
                "carrier_gateway_id": "",
                "cidr_block": "0.0.0.0/0",
                "core_network_arn": "",
                "destination_prefix_list_id": "",
                "egress_only_gateway_id": "",
                "gateway_id": "igw-0260a60336cfcb936",
                "ipv6_cidr_block": "",
                "local_gateway_id": "",
                "nat_gateway_id": "",
                "network_interface_id": "",
                "transit_gateway_id": "",
                "vpc_endpoint_id": "",
                "vpc_peering_connection_id": ""
              }
            ],
            "tags": {
              "Name": "expense-tracker-public-rt"
            },
            "tags_all": {
              "Name": "expense-tracker-public-rt"
            },
            "timeouts": null,
            "vpc_id": "vpc-0adcf71a56be68fad"
          },
          "sensitive_attributes": [],
          "identity_schema_version": 0,
          "identity": {
            "account_id": "854551250341",
            "id": "rtb-03201499efc7d8af3",
            "region": "us-east-1"
          },
          "private": "eyJlMmJmYjczMC1lY2FhLTExZTYtOGY4OC0zNDM2M2JjN2M0YzAiOnsiY3JlYXRlIjozMDAwMDAwMDAwMDAsImRlbGV0ZSI6MzAwMDAwMDAwMDAwLCJ1cGRhdGUiOjEyMDAwMDAwMDAwMH19",
          "dependencies": [
            "aws_internet_gateway.main",
            "aws_vpc.main"
          ]
        }
      ]
    },
    {
      "mode": "managed",
      "type": "aws_route_table_association",
      "name": "public",
      "provider": "provider[\"registry.terraform.io/hashicorp/aws\"]",
      "instances": [
        {
          "schema_version": 0,
          "attributes": {
            "gateway_id": "",
            "id": "rtbassoc-036bc48a51c47f2ce",
            "region": "us-east-1",
            "route_table_id": "rtb-03201499efc7d8af3",
            "subnet_id": "subnet-0823699f66e85b113",
            "timeouts": null
          },
          "sensitive_attributes": [],
          "identity_schema_version": 0,
          "private": "eyJlMmJmYjczMC1lY2FhLTExZTYtOGY4OC0zNDM2M2JjN2M0YzAiOnsiY3JlYXRlIjozMDAwMDAwMDAwMDAsImRlbGV0ZSI6MzAwMDAwMDAwMDAwLCJ1cGRhdGUiOjEyMDAwMDAwMDAwMH19",
          "dependencies": [
            "aws_internet_gateway.main",
            "aws_route_table.public",
            "aws_subnet.public",
            "aws_vpc.main"
          ]
        }
      ]
    },
    {
      "mode": "managed",
      "type": "aws_security_group",
      "name": "ec2",
      "provider": "provider[\"registry.terraform.io/hashicorp/aws\"]",
      "instances": [
        {
          "schema_version": 1,
          "attributes": {
            "arn": "arn:aws:ec2:us-east-1:854551250341:security-group/sg-0d22b42b0a362f6f7",
            "description": "Security group for Expense Tracker EC2",
            "egress": [
              {
                "cidr_blocks": [
                  "0.0.0.0/0"
                ],
                "description": "",
                "from_port": 0,
                "ipv6_cidr_blocks": [],
                "prefix_list_ids": [],
                "protocol": "-1",
                "security_groups": [],
                "self": false,
                "to_port": 0
              }
            ],
            "id": "sg-0d22b42b0a362f6f7",
            "ingress": [
              {
                "cidr_blocks": [
                  "0.0.0.0/0"
                ],
                "description": "Node.js Backend",
                "from_port": 4000,
                "ipv6_cidr_blocks": [],
                "prefix_list_ids": [],
                "protocol": "tcp",
                "security_groups": [],
                "self": false,
                "to_port": 4000
              },
              {
                "cidr_blocks": [
                  "0.0.0.0/0"
                ],
                "description": "React Frontend",
                "from_port": 3000,
                "ipv6_cidr_blocks": [],
                "prefix_list_ids": [],
                "protocol": "tcp",
                "security_groups": [],
                "self": false,
                "to_port": 3000
              },
              {
                "cidr_blocks": [
                  "0.0.0.0/0"
                ],
                "description": "SSH access",
                "from_port": 22,
                "ipv6_cidr_blocks": [],
                "prefix_list_ids": [],
                "protocol": "tcp",
                "security_groups": [],
                "self": false,
                "to_port": 22
              },
              {
                "cidr_blocks": [
                  "10.0.0.0/16"
                ],
                "description": "MongoDB",
                "from_port": 27017,
                "ipv6_cidr_blocks": [],
                "prefix_list_ids": [],
                "protocol": "tcp",
                "security_groups": [],
                "self": false,
                "to_port": 27017
              }
            ],
            "name": "expense-tracker-ec2-sg",
            "name_prefix": "",
            "owner_id": "854551250341",
            "region": "us-east-1",
            "revoke_rules_on_delete": false,
            "tags": {
              "Name": "expense-tracker-ec2-sg"
            },
            "tags_all": {
              "Name": "expense-tracker-ec2-sg"
            },
            "timeouts": null,
            "vpc_id": "vpc-0adcf71a56be68fad"
          },
          "sensitive_attributes": [],
          "identity_schema_version": 0,
          "identity": {
            "account_id": "854551250341",
            "id": "sg-0d22b42b0a362f6f7",
            "region": "us-east-1"
          },
          "private": "eyJlMmJmYjczMC1lY2FhLTExZTYtOGY4OC0zNDM2M2JjN2M0YzAiOnsiY3JlYXRlIjo2MDAwMDAwMDAwMDAsImRlbGV0ZSI6OTAwMDAwMDAwMDAwfSwic2NoZW1hX3ZlcnNpb24iOiIxIn0=",
          "dependencies": [
            "aws_vpc.main"
          ]
        }
      ]
    },
    {
      "mode": "managed",
      "type": "aws_subnet",
      "name": "public",
      "provider": "provider[\"registry.terraform.io/hashicorp/aws\"]",
      "instances": [
        {
          "schema_version": 1,
          "attributes": {
            "arn": "arn:aws:ec2:us-east-1:854551250341:subnet/subnet-0823699f66e85b113",
            "assign_ipv6_address_on_creation": false,
            "availability_zone": "us-east-1a",
            "availability_zone_id": "use1-az1",
            "cidr_block": "10.0.1.0/24",
            "customer_owned_ipv4_pool": "",
            "enable_dns64": false,
            "enable_lni_at_device_index": 0,
            "enable_resource_name_dns_a_record_on_launch": false,
            "enable_resource_name_dns_aaaa_record_on_launch": false,
            "id": "subnet-0823699f66e85b113",
            "ipv4_ipam_pool_id": null,
            "ipv4_netmask_length": null,
            "ipv6_cidr_block": "",
            "ipv6_cidr_block_association_id": "",
            "ipv6_ipam_pool_id": null,
            "ipv6_native": false,
            "ipv6_netmask_length": null,
            "map_customer_owned_ip_on_launch": false,
            "map_public_ip_on_launch": true,
            "outpost_arn": "",
            "owner_id": "854551250341",
            "private_dns_hostname_type_on_launch": "ip-name",
            "region": "us-east-1",
            "tags": {
              "Name": "expense-tracker-public-subnet"
            },
            "tags_all": {
              "Name": "expense-tracker-public-subnet"
            },
            "timeouts": null,
            "vpc_id": "vpc-0adcf71a56be68fad"
          },
          "sensitive_attributes": [],
          "identity_schema_version": 0,
          "identity": {
            "account_id": "854551250341",
            "id": "subnet-0823699f66e85b113",
            "region": "us-east-1"
          },
          "private": "eyJlMmJmYjczMC1lY2FhLTExZTYtOGY4OC0zNDM2M2JjN2M0YzAiOnsiY3JlYXRlIjo2MDAwMDAwMDAwMDAsImRlbGV0ZSI6MTIwMDAwMDAwMDAwMH0sInNjaGVtYV92ZXJzaW9uIjoiMSJ9",
          "dependencies": [
            "aws_vpc.main"
          ]
        }
      ]
    },
    {
      "mode": "managed",
      "type": "aws_vpc",
      "name": "main",
      "provider": "provider[\"registry.terraform.io/hashicorp/aws\"]",
      "instances": [
        {
          "schema_version": 1,
          "attributes": {
            "arn": "arn:aws:ec2:us-east-1:854551250341:vpc/vpc-0adcf71a56be68fad",
            "assign_generated_ipv6_cidr_block": false,
            "cidr_block": "10.0.0.0/16",
            "default_network_acl_id": "acl-02062c398a87bcd0e",
            "default_route_table_id": "rtb-0d09f09f398791ffd",
            "default_security_group_id": "sg-0418d0a717e598899",
            "dhcp_options_id": "dopt-0e6cabc9ecdd70491",
            "enable_dns_hostnames": true,
            "enable_dns_support": true,
            "enable_network_address_usage_metrics": false,
            "id": "vpc-0adcf71a56be68fad",
            "instance_tenancy": "default",
            "ipv4_ipam_pool_id": null,
            "ipv4_netmask_length": null,
            "ipv6_association_id": "",
            "ipv6_cidr_block": "",
            "ipv6_cidr_block_network_border_group": "",
            "ipv6_ipam_pool_id": "",
            "ipv6_netmask_length": 0,
            "main_route_table_id": "rtb-0d09f09f398791ffd",
            "owner_id": "854551250341",
            "region": "us-east-1",
            "tags": {
              "Name": "expense-tracker-vpc"
            },
            "tags_all": {
              "Name": "expense-tracker-vpc"
            }
          },
          "sensitive_attributes": [],
          "identity_schema_version": 0,
          "identity": {
            "account_id": "854551250341",
            "id": "vpc-0adcf71a56be68fad",
            "region": "us-east-1"
          },
          "private": "eyJzY2hlbWFfdmVyc2lvbiI6IjEifQ=="
        }
      ]
    }
  ],
  "check_results": null
}
